// !$*UTF8*$!
{
	archiveVersion = 1;
	classes = {
	};
	objectVersion = 56;
	objects = {

/* Begin PBXBuildFile section */
		3629FAE2291B3D370057D791 /* Todo+CoreDataClass.swift in Sources */ = {isa = PBXBuildFile; fileRef = 3629FAE0291B3D370057D791 /* Todo+CoreDataClass.swift */; };
		3629FAE3291B3D370057D791 /* Todo+CoreDataProperties.swift in Sources */ = {isa = PBXBuildFile; fileRef = 3629FAE1291B3D370057D791 /* Todo+CoreDataProperties.swift */; };
		3673DF6C29124B75009B1829 /* AppDelegate.swift in Sources */ = {isa = PBXBuildFile; fileRef = 3673DF6B29124B75009B1829 /* AppDelegate.swift */; };
		3673DF6E29124B75009B1829 /* SceneDelegate.swift in Sources */ = {isa = PBXBuildFile; fileRef = 3673DF6D29124B75009B1829 /* SceneDelegate.swift */; };
		3673DF7529124B77009B1829 /* Assets.xcassets in Resources */ = {isa = PBXBuildFile; fileRef = 3673DF7429124B77009B1829 /* Assets.xcassets */; };
		3673DF7829124B77009B1829 /* LaunchScreen.storyboard in Resources */ = {isa = PBXBuildFile; fileRef = 3673DF7629124B77009B1829 /* LaunchScreen.storyboard */; };
		36CECAFD29161FF400B2C1CF /* AddTodoView.swift in Sources */ = {isa = PBXBuildFile; fileRef = 36CECAFC29161FF400B2C1CF /* AddTodoView.swift */; };
		36CECAFF291623E000B2C1CF /* CustomCalendarView.swift in Sources */ = {isa = PBXBuildFile; fileRef = 36CECAFE291623E000B2C1CF /* CustomCalendarView.swift */; };
		36D2E33829187210004A7537 /* AddTodoViewController.swift in Sources */ = {isa = PBXBuildFile; fileRef = 36D2E33729187210004A7537 /* AddTodoViewController.swift */; };
		36EA2D8C29131D7B00F6B0D0 /* MainTabBarController.swift in Sources */ = {isa = PBXBuildFile; fileRef = 36EA2D8B29131D7B00F6B0D0 /* MainTabBarController.swift */; };
		36EA2D91291323D300F6B0D0 /* ListViewController.swift in Sources */ = {isa = PBXBuildFile; fileRef = 36EA2D90291323D300F6B0D0 /* ListViewController.swift */; };
		36EA2D932913241300F6B0D0 /* WriteViewController.swift in Sources */ = {isa = PBXBuildFile; fileRef = 36EA2D922913241300F6B0D0 /* WriteViewController.swift */; };
		36EA2D952913242300F6B0D0 /* SettingViewController.swift in Sources */ = {isa = PBXBuildFile; fileRef = 36EA2D942913242300F6B0D0 /* SettingViewController.swift */; };
		36EA2D9829132D2700F6B0D0 /* SnapKit in Frameworks */ = {isa = PBXBuildFile; productRef = 36EA2D9729132D2700F6B0D0 /* SnapKit */; };
		36EA2D9B29132D8B00F6B0D0 /* FSCalendar in Frameworks */ = {isa = PBXBuildFile; productRef = 36EA2D9A29132D8B00F6B0D0 /* FSCalendar */; };
		36EA2D9D2913310500F6B0D0 /* WriteView.swift in Sources */ = {isa = PBXBuildFile; fileRef = 36EA2D9C2913310500F6B0D0 /* WriteView.swift */; };
		36EA2D9F2913355F00F6B0D0 /* WriteCell.swift in Sources */ = {isa = PBXBuildFile; fileRef = 36EA2D9E2913355F00F6B0D0 /* WriteCell.swift */; };
		36EA2DA3291362BF00F6B0D0 /* CALayer+Extesion.swift in Sources */ = {isa = PBXBuildFile; fileRef = 36EA2DA2291362BF00F6B0D0 /* CALayer+Extesion.swift */; };
		36EA2DA5291362FB00F6B0D0 /* UITabBar+Extension.swift in Sources */ = {isa = PBXBuildFile; fileRef = 36EA2DA4291362FB00F6B0D0 /* UITabBar+Extension.swift */; };
		36EA2DA829136D9000F6B0D0 /* LetsTodo.xcdatamodeld in Sources */ = {isa = PBXBuildFile; fileRef = 36EA2DA629136D9000F6B0D0 /* LetsTodo.xcdatamodeld */; };
		36EA2DB32913884B00F6B0D0 /* CoreDataManager.swift in Sources */ = {isa = PBXBuildFile; fileRef = 36EA2DB22913884B00F6B0D0 /* CoreDataManager.swift */; };
		36EE278A291A26630050003A /* TimePickerViewController.swift in Sources */ = {isa = PBXBuildFile; fileRef = 36EE2789291A26630050003A /* TimePickerViewController.swift */; };
		36EE278C291A49D50050003A /* NotificationTime.swift in Sources */ = {isa = PBXBuildFile; fileRef = 36EE278B291A49D50050003A /* NotificationTime.swift */; };
		36EE278E291A4C580050003A /* NotiPickerViewController.swift in Sources */ = {isa = PBXBuildFile; fileRef = 36EE278D291A4C580050003A /* NotiPickerViewController.swift */; };
/* End PBXBuildFile section */

/* Begin PBXFileReference section */
		3629FAE0291B3D370057D791 /* Todo+CoreDataClass.swift */ = {isa = PBXFileReference; lastKnownFileType = sourcecode.swift; path = "Todo+CoreDataClass.swift"; sourceTree = "<group>"; };
		3629FAE1291B3D370057D791 /* Todo+CoreDataProperties.swift */ = {isa = PBXFileReference; lastKnownFileType = sourcecode.swift; path = "Todo+CoreDataProperties.swift"; sourceTree = "<group>"; };
		3673DF6829124B75009B1829 /* LetsTodo.app */ = {isa = PBXFileReference; explicitFileType = wrapper.application; includeInIndex = 0; path = LetsTodo.app; sourceTree = BUILT_PRODUCTS_DIR; };
		3673DF6B29124B75009B1829 /* AppDelegate.swift */ = {isa = PBXFileReference; lastKnownFileType = sourcecode.swift; path = AppDelegate.swift; sourceTree = "<group>"; };
		3673DF6D29124B75009B1829 /* SceneDelegate.swift */ = {isa = PBXFileReference; lastKnownFileType = sourcecode.swift; path = SceneDelegate.swift; sourceTree = "<group>"; };
		3673DF7429124B77009B1829 /* Assets.xcassets */ = {isa = PBXFileReference; lastKnownFileType = folder.assetcatalog; path = Assets.xcassets; sourceTree = "<group>"; };
		3673DF7729124B77009B1829 /* Base */ = {isa = PBXFileReference; lastKnownFileType = file.storyboard; name = Base; path = Base.lproj/LaunchScreen.storyboard; sourceTree = "<group>"; };
		3673DF7929124B77009B1829 /* Info.plist */ = {isa = PBXFileReference; lastKnownFileType = text.plist.xml; path = Info.plist; sourceTree = "<group>"; };
		36CECAFC29161FF400B2C1CF /* AddTodoView.swift */ = {isa = PBXFileReference; lastKnownFileType = sourcecode.swift; path = AddTodoView.swift; sourceTree = "<group>"; };
		36CECAFE291623E000B2C1CF /* CustomCalendarView.swift */ = {isa = PBXFileReference; lastKnownFileType = sourcecode.swift; path = CustomCalendarView.swift; sourceTree = "<group>"; };
		36D2E33729187210004A7537 /* AddTodoViewController.swift */ = {isa = PBXFileReference; lastKnownFileType = sourcecode.swift; path = AddTodoViewController.swift; sourceTree = "<group>"; };
		36EA2D8B29131D7B00F6B0D0 /* MainTabBarController.swift */ = {isa = PBXFileReference; lastKnownFileType = sourcecode.swift; path = MainTabBarController.swift; sourceTree = "<group>"; };
		36EA2D90291323D300F6B0D0 /* ListViewController.swift */ = {isa = PBXFileReference; lastKnownFileType = sourcecode.swift; path = ListViewController.swift; sourceTree = "<group>"; };
		36EA2D922913241300F6B0D0 /* WriteViewController.swift */ = {isa = PBXFileReference; lastKnownFileType = sourcecode.swift; path = WriteViewController.swift; sourceTree = "<group>"; };
		36EA2D942913242300F6B0D0 /* SettingViewController.swift */ = {isa = PBXFileReference; lastKnownFileType = sourcecode.swift; path = SettingViewController.swift; sourceTree = "<group>"; };
		36EA2D9C2913310500F6B0D0 /* WriteView.swift */ = {isa = PBXFileReference; lastKnownFileType = sourcecode.swift; path = WriteView.swift; sourceTree = "<group>"; };
		36EA2D9E2913355F00F6B0D0 /* WriteCell.swift */ = {isa = PBXFileReference; lastKnownFileType = sourcecode.swift; path = WriteCell.swift; sourceTree = "<group>"; };
		36EA2DA2291362BF00F6B0D0 /* CALayer+Extesion.swift */ = {isa = PBXFileReference; lastKnownFileType = sourcecode.swift; path = "CALayer+Extesion.swift"; sourceTree = "<group>"; };
		36EA2DA4291362FB00F6B0D0 /* UITabBar+Extension.swift */ = {isa = PBXFileReference; lastKnownFileType = sourcecode.swift; path = "UITabBar+Extension.swift"; sourceTree = "<group>"; };
		36EA2DA729136D9000F6B0D0 /* LetsTodo.xcdatamodel */ = {isa = PBXFileReference; lastKnownFileType = wrapper.xcdatamodel; path = LetsTodo.xcdatamodel; sourceTree = "<group>"; };
		36EA2DB22913884B00F6B0D0 /* CoreDataManager.swift */ = {isa = PBXFileReference; lastKnownFileType = sourcecode.swift; path = CoreDataManager.swift; sourceTree = "<group>"; };
		36EE2789291A26630050003A /* TimePickerViewController.swift */ = {isa = PBXFileReference; lastKnownFileType = sourcecode.swift; path = TimePickerViewController.swift; sourceTree = "<group>"; };
		36EE278B291A49D50050003A /* NotificationTime.swift */ = {isa = PBXFileReference; lastKnownFileType = sourcecode.swift; path = NotificationTime.swift; sourceTree = "<group>"; };
		36EE278D291A4C580050003A /* NotiPickerViewController.swift */ = {isa = PBXFileReference; lastKnownFileType = sourcecode.swift; path = NotiPickerViewController.swift; sourceTree = "<group>"; };
/* End PBXFileReference section */

/* Begin PBXFrameworksBuildPhase section */
		3673DF6529124B75009B1829 /* Frameworks */ = {
			isa = PBXFrameworksBuildPhase;
			buildActionMask = 2147483647;
			files = (
				36EA2D9829132D2700F6B0D0 /* SnapKit in Frameworks */,
				36EA2D9B29132D8B00F6B0D0 /* FSCalendar in Frameworks */,
			);
			runOnlyForDeploymentPostprocessing = 0;
		};
/* End PBXFrameworksBuildPhase section */

/* Begin PBXGroup section */
		3673DF5F29124B75009B1829 = {
			isa = PBXGroup;
			children = (
				3673DF6A29124B75009B1829 /* LetsTodo */,
				3673DF6929124B75009B1829 /* Products */,
			);
			sourceTree = "<group>";
		};
		3673DF6929124B75009B1829 /* Products */ = {
			isa = PBXGroup;
			children = (
				3673DF6829124B75009B1829 /* LetsTodo.app */,
			);
			name = Products;
			sourceTree = "<group>";
		};
		3673DF6A29124B75009B1829 /* LetsTodo */ = {
			isa = PBXGroup;
			children = (
				3673DF6B29124B75009B1829 /* AppDelegate.swift */,
				3673DF6D29124B75009B1829 /* SceneDelegate.swift */,
				36EA2DA0291362AD00F6B0D0 /* Utils */,
				36EA2DA92913871B00F6B0D0 /* CoreData */,
				36EA2DB42913893400F6B0D0 /* Models */,
				36EA2D8929131D6800F6B0D0 /* Source */,
				3673DF7429124B77009B1829 /* Assets.xcassets */,
				3673DF7629124B77009B1829 /* LaunchScreen.storyboard */,
				36EA2DA629136D9000F6B0D0 /* LetsTodo.xcdatamodeld */,
				3673DF7929124B77009B1829 /* Info.plist */,
			);
			path = LetsTodo;
			sourceTree = "<group>";
		};
		36CECAFB29161FDC00B2C1CF /* AddTodo */ = {
			isa = PBXGroup;
			children = (
				36CECAFC29161FF400B2C1CF /* AddTodoView.swift */,
				36D2E33729187210004A7537 /* AddTodoViewController.swift */,
				36EE2789291A26630050003A /* TimePickerViewController.swift */,
				36EE278D291A4C580050003A /* NotiPickerViewController.swift */,
			);
			path = AddTodo;
			sourceTree = "<group>";
		};
		36EA2D8929131D6800F6B0D0 /* Source */ = {
			isa = PBXGroup;
			children = (
				36EA2D8B29131D7B00F6B0D0 /* MainTabBarController.swift */,
				36EA2D8D2913204300F6B0D0 /* List */,
				36EA2D8E2913229900F6B0D0 /* Write */,
				36EA2D8F291322B200F6B0D0 /* Setting */,
			);
			path = Source;
			sourceTree = "<group>";
		};
		36EA2D8D2913204300F6B0D0 /* List */ = {
			isa = PBXGroup;
			children = (
				36EA2D90291323D300F6B0D0 /* ListViewController.swift */,
			);
			path = List;
			sourceTree = "<group>";
		};
		36EA2D8E2913229900F6B0D0 /* Write */ = {
			isa = PBXGroup;
			children = (
				36EA2D922913241300F6B0D0 /* WriteViewController.swift */,
				36EA2D9C2913310500F6B0D0 /* WriteView.swift */,
				36CECAFE291623E000B2C1CF /* CustomCalendarView.swift */,
				36EA2D9E2913355F00F6B0D0 /* WriteCell.swift */,
				36CECAFB29161FDC00B2C1CF /* AddTodo */,
			);
			path = Write;
			sourceTree = "<group>";
		};
		36EA2D8F291322B200F6B0D0 /* Setting */ = {
			isa = PBXGroup;
			children = (
				36EA2D942913242300F6B0D0 /* SettingViewController.swift */,
			);
			path = Setting;
			sourceTree = "<group>";
		};
		36EA2DA0291362AD00F6B0D0 /* Utils */ = {
			isa = PBXGroup;
			children = (
				36EA2DA1291362B500F6B0D0 /* Extensions */,
			);
			path = Utils;
			sourceTree = "<group>";
		};
		36EA2DA1291362B500F6B0D0 /* Extensions */ = {
			isa = PBXGroup;
			children = (
				36EA2DA2291362BF00F6B0D0 /* CALayer+Extesion.swift */,
				36EA2DA4291362FB00F6B0D0 /* UITabBar+Extension.swift */,
			);
			path = Extensions;
			sourceTree = "<group>";
		};
		36EA2DA92913871B00F6B0D0 /* CoreData */ = {
			isa = PBXGroup;
			children = (
				3629FAE0291B3D370057D791 /* Todo+CoreDataClass.swift */,
				3629FAE1291B3D370057D791 /* Todo+CoreDataProperties.swift */,
				36EA2DB22913884B00F6B0D0 /* CoreDataManager.swift */,
			);
			path = CoreData;
			sourceTree = "<group>";
		};
		36EA2DB42913893400F6B0D0 /* Models */ = {
			isa = PBXGroup;
			children = (
				36EE278B291A49D50050003A /* NotificationTime.swift */,
			);
			path = Models;
			sourceTree = "<group>";
		};
/* End PBXGroup section */

/* Begin PBXNativeTarget section */
		3673DF6729124B75009B1829 /* LetsTodo */ = {
			isa = PBXNativeTarget;
			buildConfigurationList = 3673DF7C29124B77009B1829 /* Build configuration list for PBXNativeTarget "LetsTodo" */;
			buildPhases = (
				3673DF6429124B75009B1829 /* Sources */,
				3673DF6529124B75009B1829 /* Frameworks */,
				3673DF6629124B75009B1829 /* Resources */,
			);
			buildRules = (
			);
			dependencies = (
			);
			name = LetsTodo;
			packageProductDependencies = (
				36EA2D9729132D2700F6B0D0 /* SnapKit */,
				36EA2D9A29132D8B00F6B0D0 /* FSCalendar */,
			);
			productName = LetsTodo;
			productReference = 3673DF6829124B75009B1829 /* LetsTodo.app */;
			productType = "com.apple.product-type.application";
		};
/* End PBXNativeTarget section */

/* Begin PBXProject section */
		3673DF6029124B75009B1829 /* Project object */ = {
			isa = PBXProject;
			attributes = {
				BuildIndependentTargetsInParallel = 1;
				LastSwiftUpdateCheck = 1400;
				LastUpgradeCheck = 1400;
				TargetAttributes = {
					3673DF6729124B75009B1829 = {
						CreatedOnToolsVersion = 14.0.1;
					};
				};
			};
			buildConfigurationList = 3673DF6329124B75009B1829 /* Build configuration list for PBXProject "LetsTodo" */;
			compatibilityVersion = "Xcode 14.0";
			developmentRegion = en;
			hasScannedForEncodings = 0;
			knownRegions = (
				en,
				Base,
			);
			mainGroup = 3673DF5F29124B75009B1829;
			packageReferences = (
				36EA2D9629132D2700F6B0D0 /* XCRemoteSwiftPackageReference "SnapKit" */,
				36EA2D9929132D8B00F6B0D0 /* XCRemoteSwiftPackageReference "FSCalendar" */,
			);
			productRefGroup = 3673DF6929124B75009B1829 /* Products */;
			projectDirPath = "";
			projectRoot = "";
			targets = (
				3673DF6729124B75009B1829 /* LetsTodo */,
			);
		};
/* End PBXProject section */

/* Begin PBXResourcesBuildPhase section */
		3673DF6629124B75009B1829 /* Resources */ = {
			isa = PBXResourcesBuildPhase;
			buildActionMask = 2147483647;
			files = (
				3673DF7829124B77009B1829 /* LaunchScreen.storyboard in Resources */,
				3673DF7529124B77009B1829 /* Assets.xcassets in Resources */,
			);
			runOnlyForDeploymentPostprocessing = 0;
		};
/* End PBXResourcesBuildPhase section */

/* Begin PBXSourcesBuildPhase section */
		3673DF6429124B75009B1829 /* Sources */ = {
			isa = PBXSourcesBuildPhase;
			buildActionMask = 2147483647;
			files = (
				3673DF6C29124B75009B1829 /* AppDelegate.swift in Sources */,
				3673DF6E29124B75009B1829 /* SceneDelegate.swift in Sources */,
				36EA2D91291323D300F6B0D0 /* ListViewController.swift in Sources */,
				36CECAFF291623E000B2C1CF /* CustomCalendarView.swift in Sources */,
				36D2E33829187210004A7537 /* AddTodoViewController.swift in Sources */,
				36EA2D932913241300F6B0D0 /* WriteViewController.swift in Sources */,
				36EE278E291A4C580050003A /* NotiPickerViewController.swift in Sources */,
				3629FAE2291B3D370057D791 /* Todo+CoreDataClass.swift in Sources */,
				36EA2DA3291362BF00F6B0D0 /* CALayer+Extesion.swift in Sources */,
				3629FAE3291B3D370057D791 /* Todo+CoreDataProperties.swift in Sources */,
				36EE278A291A26630050003A /* TimePickerViewController.swift in Sources */,
				36CECAFD29161FF400B2C1CF /* AddTodoView.swift in Sources */,
				36EA2DA5291362FB00F6B0D0 /* UITabBar+Extension.swift in Sources */,
				36EA2D8C29131D7B00F6B0D0 /* MainTabBarController.swift in Sources */,
				36EA2D9F2913355F00F6B0D0 /* WriteCell.swift in Sources */,
				36EE278C291A49D50050003A /* NotificationTime.swift in Sources */,
				36EA2D952913242300F6B0D0 /* SettingViewController.swift in Sources */,
				36EA2D9D2913310500F6B0D0 /* WriteView.swift in Sources */,
				36EA2DB32913884B00F6B0D0 /* CoreDataManager.swift in Sources */,
				36EA2DA829136D9000F6B0D0 /* LetsTodo.xcdatamodeld in Sources */,
			);
			runOnlyForDeploymentPostprocessing = 0;
		};
/* End PBXSourcesBuildPhase section */

/* Begin PBXVariantGroup section */
		3673DF7629124B77009B1829 /* LaunchScreen.storyboard */ = {
			isa = PBXVariantGroup;
			children = (
				3673DF7729124B77009B1829 /* Base */,
			);
			name = LaunchScreen.storyboard;
			sourceTree = "<group>";
		};
/* End PBXVariantGroup section */

/* Begin XCBuildConfiguration section */
		3673DF7A29124B77009B1829 /* Debug */ = {
			isa = XCBuildConfiguration;
			buildSettings = {
				ALWAYS_SEARCH_USER_PATHS = NO;
				CLANG_ANALYZER_NONNULL = YES;
				CLANG_ANALYZER_NUMBER_OBJECT_CONVERSION = YES_AGGRESSIVE;
				CLANG_CXX_LANGUAGE_STANDARD = "gnu++20";
				CLANG_ENABLE_MODULES = YES;
				CLANG_ENABLE_OBJC_ARC = YES;
				CLANG_ENABLE_OBJC_WEAK = YES;
				CLANG_WARN_BLOCK_CAPTURE_AUTORELEASING = YES;
				CLANG_WARN_BOOL_CONVERSION = YES;
				CLANG_WARN_COMMA = YES;
				CLANG_WARN_CONSTANT_CONVERSION = YES;
				CLANG_WARN_DEPRECATED_OBJC_IMPLEMENTATIONS = YES;
				CLANG_WARN_DIRECT_OBJC_ISA_USAGE = YES_ERROR;
				CLANG_WARN_DOCUMENTATION_COMMENTS = YES;
				CLANG_WARN_EMPTY_BODY = YES;
				CLANG_WARN_ENUM_CONVERSION = YES;
				CLANG_WARN_INFINITE_RECURSION = YES;
				CLANG_WARN_INT_CONVERSION = YES;
				CLANG_WARN_NON_LITERAL_NULL_CONVERSION = YES;
				CLANG_WARN_OBJC_IMPLICIT_RETAIN_SELF = YES;
				CLANG_WARN_OBJC_LITERAL_CONVERSION = YES;
				CLANG_WARN_OBJC_ROOT_CLASS = YES_ERROR;
				CLANG_WARN_QUOTED_INCLUDE_IN_FRAMEWORK_HEADER = YES;
				CLANG_WARN_RANGE_LOOP_ANALYSIS = YES;
				CLANG_WARN_STRICT_PROTOTYPES = YES;
				CLANG_WARN_SUSPICIOUS_MOVE = YES;
				CLANG_WARN_UNGUARDED_AVAILABILITY = YES_AGGRESSIVE;
				CLANG_WARN_UNREACHABLE_CODE = YES;
				CLANG_WARN__DUPLICATE_METHOD_MATCH = YES;
				COPY_PHASE_STRIP = NO;
				DEBUG_INFORMATION_FORMAT = dwarf;
				ENABLE_STRICT_OBJC_MSGSEND = YES;
				ENABLE_TESTABILITY = YES;
				GCC_C_LANGUAGE_STANDARD = gnu11;
				GCC_DYNAMIC_NO_PIC = NO;
				GCC_NO_COMMON_BLOCKS = YES;
				GCC_OPTIMIZATION_LEVEL = 0;
				GCC_PREPROCESSOR_DEFINITIONS = (
					"DEBUG=1",
					"$(inherited)",
				);
				GCC_WARN_64_TO_32_BIT_CONVERSION = YES;
				GCC_WARN_ABOUT_RETURN_TYPE = YES_ERROR;
				GCC_WARN_UNDECLARED_SELECTOR = YES;
				GCC_WARN_UNINITIALIZED_AUTOS = YES_AGGRESSIVE;
				GCC_WARN_UNUSED_FUNCTION = YES;
				GCC_WARN_UNUSED_VARIABLE = YES;
				IPHONEOS_DEPLOYMENT_TARGET = 16.0;
				MTL_ENABLE_DEBUG_INFO = INCLUDE_SOURCE;
				MTL_FAST_MATH = YES;
				ONLY_ACTIVE_ARCH = YES;
				SDKROOT = iphoneos;
				SWIFT_ACTIVE_COMPILATION_CONDITIONS = DEBUG;
				SWIFT_OPTIMIZATION_LEVEL = "-Onone";
			};
			name = Debug;
		};
		3673DF7B29124B77009B1829 /* Release */ = {
			isa = XCBuildConfiguration;
			buildSettings = {
				ALWAYS_SEARCH_USER_PATHS = NO;
				CLANG_ANALYZER_NONNULL = YES;
				CLANG_ANALYZER_NUMBER_OBJECT_CONVERSION = YES_AGGRESSIVE;
				CLANG_CXX_LANGUAGE_STANDARD = "gnu++20";
				CLANG_ENABLE_MODULES = YES;
				CLANG_ENABLE_OBJC_ARC = YES;
				CLANG_ENABLE_OBJC_WEAK = YES;
				CLANG_WARN_BLOCK_CAPTURE_AUTORELEASING = YES;
				CLANG_WARN_BOOL_CONVERSION = YES;
				CLANG_WARN_COMMA = YES;
				CLANG_WARN_CONSTANT_CONVERSION = YES;
				CLANG_WARN_DEPRECATED_OBJC_IMPLEMENTATIONS = YES;
				CLANG_WARN_DIRECT_OBJC_ISA_USAGE = YES_ERROR;
				CLANG_WARN_DOCUMENTATION_COMMENTS = YES;
				CLANG_WARN_EMPTY_BODY = YES;
				CLANG_WARN_ENUM_CONVERSION = YES;
				CLANG_WARN_INFINITE_RECURSION = YES;
				CLANG_WARN_INT_CONVERSION = YES;
				CLANG_WARN_NON_LITERAL_NULL_CONVERSION = YES;
				CLANG_WARN_OBJC_IMPLICIT_RETAIN_SELF = YES;
				CLANG_WARN_OBJC_LITERAL_CONVERSION = YES;
				CLANG_WARN_OBJC_ROOT_CLASS = YES_ERROR;
				CLANG_WARN_QUOTED_INCLUDE_IN_FRAMEWORK_HEADER = YES;
				CLANG_WARN_RANGE_LOOP_ANALYSIS = YES;
				CLANG_WARN_STRICT_PROTOTYPES = YES;
				CLANG_WARN_SUSPICIOUS_MOVE = YES;
				CLANG_WARN_UNGUARDED_AVAILABILITY = YES_AGGRESSIVE;
				CLANG_WARN_UNREACHABLE_CODE = YES;
				CLANG_WARN__DUPLICATE_METHOD_MATCH = YES;
				COPY_PHASE_STRIP = NO;
				DEBUG_INFORMATION_FORMAT = "dwarf-with-dsym";
				ENABLE_NS_ASSERTIONS = NO;
				ENABLE_STRICT_OBJC_MSGSEND = YES;
				GCC_C_LANGUAGE_STANDARD = gnu11;
				GCC_NO_COMMON_BLOCKS = YES;
				GCC_WARN_64_TO_32_BIT_CONVERSION = YES;
				GCC_WARN_ABOUT_RETURN_TYPE = YES_ERROR;
				GCC_WARN_UNDECLARED_SELECTOR = YES;
				GCC_WARN_UNINITIALIZED_AUTOS = YES_AGGRESSIVE;
				GCC_WARN_UNUSED_FUNCTION = YES;
				GCC_WARN_UNUSED_VARIABLE = YES;
				IPHONEOS_DEPLOYMENT_TARGET = 16.0;
				MTL_ENABLE_DEBUG_INFO = NO;
				MTL_FAST_MATH = YES;
				SDKROOT = iphoneos;
				SWIFT_COMPILATION_MODE = wholemodule;
				SWIFT_OPTIMIZATION_LEVEL = "-O";
				VALIDATE_PRODUCT = YES;
			};
			name = Release;
		};
		3673DF7D29124B77009B1829 /* Debug */ = {
			isa = XCBuildConfiguration;
			buildSettings = {
				ASSETCATALOG_COMPILER_APPICON_NAME = AppIcon;
				ASSETCATALOG_COMPILER_GLOBAL_ACCENT_COLOR_NAME = AccentColor;
				CODE_SIGN_STYLE = Automatic;
				CURRENT_PROJECT_VERSION = 1;
				DEVELOPMENT_TEAM = 7RDXK25LLS;
				GENERATE_INFOPLIST_FILE = YES;
				INFOPLIST_FILE = LetsTodo/Info.plist;
				INFOPLIST_KEY_UIApplicationSupportsIndirectInputEvents = YES;
				INFOPLIST_KEY_UILaunchStoryboardName = LaunchScreen;
				INFOPLIST_KEY_UISupportedInterfaceOrientations = UIInterfaceOrientationPortrait;
				INFOPLIST_KEY_UISupportedInterfaceOrientations_iPad = "UIInterfaceOrientationLandscapeLeft UIInterfaceOrientationLandscapeRight UIInterfaceOrientationPortrait UIInterfaceOrientationPortraitUpsideDown";
				IPHONEOS_DEPLOYMENT_TARGET = 14.0;
				LD_RUNPATH_SEARCH_PATHS = (
					"$(inherited)",
					"@executable_path/Frameworks",
				);
				MARKETING_VERSION = 1.0;
				PRODUCT_BUNDLE_IDENTIFIER = com.hyou.LetsTodo;
				PRODUCT_NAME = "$(TARGET_NAME)";
				SUPPORTED_PLATFORMS = "iphoneos iphonesimulator";
				SUPPORTS_MACCATALYST = NO;
				SUPPORTS_MAC_DESIGNED_FOR_IPHONE_IPAD = NO;
				SWIFT_EMIT_LOC_STRINGS = YES;
				SWIFT_VERSION = 5.0;
				TARGETED_DEVICE_FAMILY = 1;
			};
			name = Debug;
		};
		3673DF7E29124B77009B1829 /* Release */ = {
			isa = XCBuildConfiguration;
			buildSettings = {
				ASSETCATALOG_COMPILER_APPICON_NAME = AppIcon;
				ASSETCATALOG_COMPILER_GLOBAL_ACCENT_COLOR_NAME = AccentColor;
				CODE_SIGN_STYLE = Automatic;
				CURRENT_PROJECT_VERSION = 1;
				DEVELOPMENT_TEAM = 7RDXK25LLS;
				GENERATE_INFOPLIST_FILE = YES;
				INFOPLIST_FILE = LetsTodo/Info.plist;
				INFOPLIST_KEY_UIApplicationSupportsIndirectInputEvents = YES;
				INFOPLIST_KEY_UILaunchStoryboardName = LaunchScreen;
				INFOPLIST_KEY_UISupportedInterfaceOrientations = UIInterfaceOrientationPortrait;
				INFOPLIST_KEY_UISupportedInterfaceOrientations_iPad = "UIInterfaceOrientationLandscapeLeft UIInterfaceOrientationLandscapeRight UIInterfaceOrientationPortrait UIInterfaceOrientationPortraitUpsideDown";
				IPHONEOS_DEPLOYMENT_TARGET = 14.0;
				LD_RUNPATH_SEARCH_PATHS = (
					"$(inherited)",
					"@executable_path/Frameworks",
				);
				MARKETING_VERSION = 1.0;
				PRODUCT_BUNDLE_IDENTIFIER = com.hyou.LetsTodo;
				PRODUCT_NAME = "$(TARGET_NAME)";
				SUPPORTED_PLATFORMS = "iphoneos iphonesimulator";
				SUPPORTS_MACCATALYST = NO;
				SUPPORTS_MAC_DESIGNED_FOR_IPHONE_IPAD = NO;
				SWIFT_EMIT_LOC_STRINGS = YES;
				SWIFT_VERSION = 5.0;
				TARGETED_DEVICE_FAMILY = 1;
			};
			name = Release;
		};
/* End XCBuildConfiguration section */

/* Begin XCConfigurationList section */
		3673DF6329124B75009B1829 /* Build configuration list for PBXProject "LetsTodo" */ = {
			isa = XCConfigurationList;
			buildConfigurations = (
				3673DF7A29124B77009B1829 /* Debug */,
				3673DF7B29124B77009B1829 /* Release */,
			);
			defaultConfigurationIsVisible = 0;
			defaultConfigurationName = Release;
		};
		3673DF7C29124B77009B1829 /* Build configuration list for PBXNativeTarget "LetsTodo" */ = {
			isa = XCConfigurationList;
			buildConfigurations = (
				3673DF7D29124B77009B1829 /* Debug */,
				3673DF7E29124B77009B1829 /* Release */,
			);
			defaultConfigurationIsVisible = 0;
			defaultConfigurationName = Release;
		};
/* End XCConfigurationList section */

/* Begin XCRemoteSwiftPackageReference section */
		36EA2D9629132D2700F6B0D0 /* XCRemoteSwiftPackageReference "SnapKit" */ = {
			isa = XCRemoteSwiftPackageReference;
			repositoryURL = "https://github.com/SnapKit/SnapKit.git";
			requirement = {
				kind = upToNextMajorVersion;
				minimumVersion = 5.0.0;
			};
		};
		36EA2D9929132D8B00F6B0D0 /* XCRemoteSwiftPackageReference "FSCalendar" */ = {
			isa = XCRemoteSwiftPackageReference;
			repositoryURL = "https://github.com/WenchaoD/FSCalendar.git";
			requirement = {
				kind = upToNextMajorVersion;
				minimumVersion = 2.0.0;
			};
		};
/* End XCRemoteSwiftPackageReference section */

/* Begin XCSwiftPackageProductDependency section */
		36EA2D9729132D2700F6B0D0 /* SnapKit */ = {
			isa = XCSwiftPackageProductDependency;
			package = 36EA2D9629132D2700F6B0D0 /* XCRemoteSwiftPackageReference "SnapKit" */;
			productName = SnapKit;
		};
		36EA2D9A29132D8B00F6B0D0 /* FSCalendar */ = {
			isa = XCSwiftPackageProductDependency;
			package = 36EA2D9929132D8B00F6B0D0 /* XCRemoteSwiftPackageReference "FSCalendar" */;
			productName = FSCalendar;
		};
/* End XCSwiftPackageProductDependency section */

/* Begin XCVersionGroup section */
		36EA2DA629136D9000F6B0D0 /* LetsTodo.xcdatamodeld */ = {
			isa = XCVersionGroup;
			children = (
				36EA2DA729136D9000F6B0D0 /* LetsTodo.xcdatamodel */,
			);
			currentVersion = 36EA2DA729136D9000F6B0D0 /* LetsTodo.xcdatamodel */;
			path = LetsTodo.xcdatamodeld;
			sourceTree = "<group>";
			versionGroupType = wrapper.xcdatamodel;
		};
/* End XCVersionGroup section */
	};
	rootObject = 3673DF6029124B75009B1829 /* Project object */;
}
